
Microsoft Visual Studio Solution File, Format Version 12.00
# Visual Studio Version 17
VisualStudioVersion = 17.13.35919.96 d17.13
MinimumVisualStudioVersion = 10.0.40219.1
Project("{FAE04EC0-301F-11D3-BF4B-00C04F79EFBC}") = "SmartTravelCompanion", "SmartTravelCompanion\SmartTravelCompanion.csproj", "{DAAE0942-400F-428C-9D8B-9D1A535B6131}"
EndProject
Global
	GlobalSection(SolutionConfigurationPlatforms) = preSolution
		Debug|Any CPU = Debug|Any CPU
		Release|Any CPU = Release|Any CPU
	EndGlobalSection
	GlobalSection(ProjectConfigurationPlatforms) = postSolution
		{DAAE0942-400F-428C-9D8B-9D1A535B6131}.Debug|Any CPU.ActiveCfg = Debug|Any CPU
		{DAAE0942-400F-428C-9D8B-9D1A535B6131}.Debug|Any CPU.Build.0 = Debug|Any CPU
		{DAAE0942-400F-428C-9D8B-9D1A535B6131}.Release|Any CPU.ActiveCfg = Release|Any CPU
		{DAAE0942-400F-428C-9D8B-9D1A535B6131}.Release|Any CPU.Build.0 = Release|Any CPU
	EndGlobalSection
	GlobalSection(SolutionProperties) = preSolution
		HideSolutionNode = FALSE
	EndGlobalSection
	GlobalSection(ExtensibilityGlobals) = postSolution
		SolutionGuid = {A6DA2FB0-009B-4CFD-BFA1-16C130ABFE8E}
	EndGlobalSection
EndGlobal
